PODS:
  - Caprice (0.0.6)
  - Difference (0.4)
  - Differentiator (4.0.1)
  - Pageboy (3.6.2)
  - RxBlocking (5.1.1):
    - RxSwift (~> 5)
  - RxCocoa (5.1.1):
    - RxRelay (~> 5)
    - RxSwift (~> 5)
  - RxComposableArchitecture (2.1.2):
    - RxCocoa (~> 5)
    - RxSwift (~> 5)
    - SwiftSpinner (~> 2.1.0)
  - RxComposableArchitectureTests (2.1.2):
    - Difference (= 0.4)
    - RxCocoa (~> 5)
    - RxComposableArchitecture (= 2.1.2)
    - RxSwift (~> 5)
  - RxDataSources (4.0.1):
    - Differentiator (~> 4.0)
    - RxCocoa (~> 5.0)
    - RxSwift (~> 5.0)
  - RxRelay (5.1.1):
    - RxSwift (~> 5)
  - RxSwift (5.1.1)
  - RxTest (5.1.1):
    - RxSwift (~> 5)
  - SceneBuilder (1.0.0)
  - SnapshotTesting (1.7.2)
  - SwiftPrettyPrint (1.1.0)
  - SwiftSpinner (2.1.0)
  - Tabman (2.10.0):
    - Pageboy (~> 3.6.0)

DEPENDENCIES:
  - Caprice (= 0.0.6)
  - Difference
  - RxBlocking
  - RxComposableArchitecture (= 2.1.2)
  - RxComposableArchitectureTests (= 2.1.2)
  - RxDataSources (= 4.0.1)
  - RxTest
  - SceneBuilder (= 1.0.0)
  - SnapshotTesting (~> 1.7.2)
  - SwiftPrettyPrint (~> 1.1.0)
  - Tabman (~> 2.9)

SPEC REPOS:
  https://github.com/jrBordet/Sources.git:
    - Caprice
    - RxComposableArchitecture
    - RxComposableArchitectureTests
    - SceneBuilder
  trunk:
    - Difference
    - Differentiator
    - Pageboy
    - RxBlocking
    - RxCocoa
    - RxDataSources
    - RxRelay
    - RxSwift
    - RxTest
    - SnapshotTesting
    - SwiftPrettyPrint
    - SwiftSpinner
    - Tabman

SPEC CHECKSUMS:
  Caprice: 083660ba310518f0eb42fda32f7febc40198f112
  Difference: d647f091010f05267885fdf758b885c6cfbf116e
  Differentiator: 886080237d9f87f322641dedbc5be257061b0602
  Pageboy: cf121b9dd48c63f3f281b2a9ec93d02e0f23879b
  RxBlocking: 5f700a78cad61ce253ebd37c9a39b5ccc76477b4
  RxCocoa: 32065309a38d29b5b0db858819b5bf9ef038b601
  RxComposableArchitecture: 62f2cbefba2a138d269cb335b5f72b0d0e3f7eb1
  RxComposableArchitectureTests: 99d9f5c06d1e86c08d62cbec79ae79c97050bcb0
  RxDataSources: efee07fa4de48477eca0a4611e6d11e2da9c1114
  RxRelay: d77f7d771495f43c556cbc43eebd1bb54d01e8e9
  RxSwift: 81470a2074fa8780320ea5fe4102807cb7118178
  RxTest: 711632d5644dffbeb62c936a521b5b008a1e1faa
  SceneBuilder: e8beec60660be16524eb651df022f310e7a200aa
  SnapshotTesting: 8caa6661fea7c8019d5b46de77c16bab99c36c5c
  SwiftPrettyPrint: 3af0e8c4dca181184522a276e9f8c9ce30f77f22
  SwiftSpinner: 0f15c006307f8d8bbac075638927ec1361b565d7
  Tabman: d8d6ab0b483c7db375a71ac227d3ef791b56a049

PODFILE CHECKSUM: 45a09d6284f9f932e8a742cd578bc324325827f1

COCOAPODS: 1.10.1
