// !$*UTF8*$!
{
	archiveVersion = 1;
	classes = {
	};
	objectVersion = 51;
	objects = {

/* Begin PBXBuildFile section */
		13087C5D7A993322B468334B /* train_sections_broken.json in Resources */ = {isa = PBXBuildFile; fileRef = F2FA069599FBD58F87650A7D /* train_sections_broken.json */; };
		1A00AE7BBCB202CC97117429 /* train_sections_broken.json in Resources */ = {isa = PBXBuildFile; fileRef = F2FA069599FBD58F87650A7D /* train_sections_broken.json */; };
		1AA101A2218A8D5D318F582B /* APIRequest.swift in Sources */ = {isa = PBXBuildFile; fileRef = 1437F0942F5607772BC8CA97 /* APIRequest.swift */; };
		205D933185664664D3810BB3 /* MockUrlProtocol.swift in Sources */ = {isa = PBXBuildFile; fileRef = 2A01CE55EC44C436C7E1DF96 /* MockUrlProtocol.swift */; };
		274162A31B9AE4171163C54A /* Application+Action.swift in Sources */ = {isa = PBXBuildFile; fileRef = DE694FF9335A09C34E984DE9 /* Application+Action.swift */; };
		2792EF997EB348E17A014CFB /* Networking.swift in Sources */ = {isa = PBXBuildFile; fileRef = 62CF1093E08AF841E8EAA13F /* Networking.swift */; };
		2B6D73CAFB58DBA13604953E /* trend_torino_p_nuova_reggio_calabria.json in Resources */ = {isa = PBXBuildFile; fileRef = C3E0795B3BB71B6A4B64B109 /* trend_torino_p_nuova_reggio_calabria.json */; };
		3825104926B703FF49BF24FF /* train_sections.json in Resources */ = {isa = PBXBuildFile; fileRef = 502EE77BB7B0E038C99316DA /* train_sections.json */; };
		394D54A30B8B776CEE5904D3 /* Application+ActivityFeed.swift in Sources */ = {isa = PBXBuildFile; fileRef = 000924F24E5151A9B4A769F4 /* Application+ActivityFeed.swift */; };
		3F132280AC0FD8976560FC78 /* Assets.xcassets in Resources */ = {isa = PBXBuildFile; fileRef = DECB27D32C0F8B2D654C4426 /* Assets.xcassets */; };
		42962886BC97A583A16E99AE /* trend_torino_p_nuova_reggio_calabria.json in Resources */ = {isa = PBXBuildFile; fileRef = C3E0795B3BB71B6A4B64B109 /* trend_torino_p_nuova_reggio_calabria.json */; };
		467DB0A7AFB111807E73D993 /* Pods_GithubStargazers.framework in Frameworks */ = {isa = PBXBuildFile; fileRef = 7B3E9879CBB8F06767FEBD52 /* Pods_GithubStargazers.framework */; };
		4787E1E706154BED4773EA08 /* train_sections.json in Resources */ = {isa = PBXBuildFile; fileRef = 502EE77BB7B0E038C99316DA /* train_sections.json */; };
		4AD735DF1C1ABB69FD894BD0 /* arrivals_broken.json in Resources */ = {isa = PBXBuildFile; fileRef = B761514C6EDE488B2FA055CB /* arrivals_broken.json */; };
		4B76A345808841CC085D391A /* Application+Reducer.swift in Sources */ = {isa = PBXBuildFile; fileRef = EBEA2417CAC665BB82B8A480 /* Application+Reducer.swift */; };
		502029844005DA5D975DA4FB /* Mock+resources.swift in Sources */ = {isa = PBXBuildFile; fileRef = 071FDDE8161E1D88FF3E77E5 /* Mock+resources.swift */; };
		509AFBA8BFCB03A1C4F9D6E7 /* arrivals.json in Resources */ = {isa = PBXBuildFile; fileRef = CE1821A4B1D606DB2D95A604 /* arrivals.json */; };
		54505B5D722BAE91FC92A9BE /* URLRequests+HTTPStatusCodes.swift in Sources */ = {isa = PBXBuildFile; fileRef = FD857FCF53053A09EAD23E4A /* URLRequests+HTTPStatusCodes.swift */; };
		5AA7AA0247055198203A9B8E /* BaseViewController.swift in Sources */ = {isa = PBXBuildFile; fileRef = BF798E0C0D51D3B84B82AE45 /* BaseViewController.swift */; };
		5B36394C7F328322CCF1B0CA /* departures_broken.json in Resources */ = {isa = PBXBuildFile; fileRef = 39E83B1296DAC6017CB3ED7E /* departures_broken.json */; };
		5C8CAB374A842DB9C4B89403 /* rate.csv in Resources */ = {isa = PBXBuildFile; fileRef = 7A762A9668685C7A8C68F60F /* rate.csv */; };
		5CC9FBFD4C4E3EAA271FBCC8 /* departures_broken.json in Resources */ = {isa = PBXBuildFile; fileRef = 39E83B1296DAC6017CB3ED7E /* departures_broken.json */; };
		632CAD3E816D64AC3697B6A5 /* Application+Environment.swift in Sources */ = {isa = PBXBuildFile; fileRef = 239010BE486EA21FED72AA30 /* Application+Environment.swift */; };
		67467C21F5AD9738E8B33C74 /* trend.json in Resources */ = {isa = PBXBuildFile; fileRef = 6BBCF54DDC938F09D377EB8E /* trend.json */; };
		6807E1F366924326E1D3442F /* Pods_GithubStargazersTests.framework in Frameworks */ = {isa = PBXBuildFile; fileRef = 4EDBA30D1E615EF292DE74F3 /* Pods_GithubStargazersTests.framework */; };
		696FB709EE318765CC7A84F2 /* stations.txt in Resources */ = {isa = PBXBuildFile; fileRef = 21FAAB4FEFA632D15D529FD6 /* stations.txt */; };
		775877964759A2A7C56DAA79 /* Application+State.swift in Sources */ = {isa = PBXBuildFile; fileRef = CBC1F294862C5AFB4F994831 /* Application+State.swift */; };
		7A11F89C94F093163C985A7D /* APIRequest.swift in Sources */ = {isa = PBXBuildFile; fileRef = 1437F0942F5607772BC8CA97 /* APIRequest.swift */; };
		7B249B8A77D7E31EE28E15B0 /* departures.json in Resources */ = {isa = PBXBuildFile; fileRef = 5C873F7E18E642E7E7D0A619 /* departures.json */; };
		7E7EEA548771E71AE9D5826C /* Localizable.strings in Resources */ = {isa = PBXBuildFile; fileRef = 8C3BAEEA3031A9EFE658B755 /* Localizable.strings */; };
		86E1B285D503D8E91825B3A4 /* Application+Store.swift in Sources */ = {isa = PBXBuildFile; fileRef = 1C4471467947D85C1076870F /* Application+Store.swift */; };
		883A731DE32320FA1A7C5FB4 /* stations_broken.txt in Resources */ = {isa = PBXBuildFile; fileRef = 07DC6376CF9244B71642B551 /* stations_broken.txt */; };
		8E3268020C5B8468ED65E450 /* trend.json in Resources */ = {isa = PBXBuildFile; fileRef = 6BBCF54DDC938F09D377EB8E /* trend.json */; };
		8F5AC2E32B9B33FB3E6A6572 /* Assets.xcassets in Resources */ = {isa = PBXBuildFile; fileRef = DECB27D32C0F8B2D654C4426 /* Assets.xcassets */; };
		92FF4E3F103B0C6FF37A5399 /* Localizable.strings in Resources */ = {isa = PBXBuildFile; fileRef = 8C3BAEEA3031A9EFE658B755 /* Localizable.strings */; };
		97310B7254CFB66DE302FA76 /* URLRequests+HTTPStatusCodes.swift in Sources */ = {isa = PBXBuildFile; fileRef = FD857FCF53053A09EAD23E4A /* URLRequests+HTTPStatusCodes.swift */; };
		9EEB254803DB1E2B6935F901 /* installations.csv in Resources */ = {isa = PBXBuildFile; fileRef = 5ADFCA4462F78FEE23DA7036 /* installations.csv */; };
		9F12522E916496A95000EE50 /* Difference+.swift in Sources */ = {isa = PBXBuildFile; fileRef = 12C0F3710EB7BFD723701E3D /* Difference+.swift */; };
		A384600C1F7650DB931150FC /* trend_broken.json in Resources */ = {isa = PBXBuildFile; fileRef = 7C351BA033DD139B1FCDD5B4 /* trend_broken.json */; };
		AA506D5F6CB87E1FA757702C /* Rate.swift in Sources */ = {isa = PBXBuildFile; fileRef = BBDF47D88A24F878DCA42AFC /* Rate.swift */; };
		AF772A4C9D9FF310FA4BD9D5 /* trend_milano_centrale.json in Resources */ = {isa = PBXBuildFile; fileRef = 168D1B8388FBDB234C209B04 /* trend_milano_centrale.json */; };
		B1ACE0BD402D28E34A823433 /* stations.txt in Resources */ = {isa = PBXBuildFile; fileRef = 21FAAB4FEFA632D15D529FD6 /* stations.txt */; };
		B53B2EB2C1CFEC178BC8D461 /* arrivals.json in Resources */ = {isa = PBXBuildFile; fileRef = CE1821A4B1D606DB2D95A604 /* arrivals.json */; };
		B81FBEF01DFC1C30E6614B4E /* Application+Action.swift in Sources */ = {isa = PBXBuildFile; fileRef = DE694FF9335A09C34E984DE9 /* Application+Action.swift */; };
		B9615B15FC5CE7D74E04F954 /* Networking.swift in Sources */ = {isa = PBXBuildFile; fileRef = 62CF1093E08AF841E8EAA13F /* Networking.swift */; };
		BE7CB5D44F178BCB88621C41 /* Rate.swift in Sources */ = {isa = PBXBuildFile; fileRef = BBDF47D88A24F878DCA42AFC /* Rate.swift */; };
		C08C7E71181A50948F4B8308 /* arrivals_broken.json in Resources */ = {isa = PBXBuildFile; fileRef = B761514C6EDE488B2FA055CB /* arrivals_broken.json */; };
		C280D36298600238E56D4183 /* Utils+Rx.swift in Sources */ = {isa = PBXBuildFile; fileRef = 80665B7E76F57884A40C54F5 /* Utils+Rx.swift */; };
		C4E731E654EF5528B046AA70 /* stations_broken.txt in Resources */ = {isa = PBXBuildFile; fileRef = 07DC6376CF9244B71642B551 /* stations_broken.txt */; };
		C5903DC025D1BF9BFAA5FCC4 /* BaseViewController.swift in Sources */ = {isa = PBXBuildFile; fileRef = BF798E0C0D51D3B84B82AE45 /* BaseViewController.swift */; };
		C594C656A553F8568D762493 /* installations.csv in Resources */ = {isa = PBXBuildFile; fileRef = 5ADFCA4462F78FEE23DA7036 /* installations.csv */; };
		C65341D822A2BFA937306DA4 /* Application+Reducer.swift in Sources */ = {isa = PBXBuildFile; fileRef = EBEA2417CAC665BB82B8A480 /* Application+Reducer.swift */; };
		CA16EDD05E29FF4EBE68581F /* AppDelegate.swift in Sources */ = {isa = PBXBuildFile; fileRef = E29122E7C23E415A48599E01 /* AppDelegate.swift */; };
		D1693720CBC6644BEABFE0D4 /* Mock+.swift in Sources */ = {isa = PBXBuildFile; fileRef = D4432E8D28EE9A7A1EAF4BED /* Mock+.swift */; };
		D5EE8433AA7F977707A0D335 /* rate.csv in Resources */ = {isa = PBXBuildFile; fileRef = 7A762A9668685C7A8C68F60F /* rate.csv */; };
		D6EF64EB87D9FE4E91C05DA2 /* departures.json in Resources */ = {isa = PBXBuildFile; fileRef = 5C873F7E18E642E7E7D0A619 /* departures.json */; };
		D761DD3B6B31D6B9C960ED3C /* Application+State.swift in Sources */ = {isa = PBXBuildFile; fileRef = CBC1F294862C5AFB4F994831 /* Application+State.swift */; };
		D9C2F1B709C6E40404F6A22A /* AppDelegate.swift in Sources */ = {isa = PBXBuildFile; fileRef = E29122E7C23E415A48599E01 /* AppDelegate.swift */; };
		DA3753D60CBC69EE61E25FDF /* Pods_GithubStargazersMock.framework in Frameworks */ = {isa = PBXBuildFile; fileRef = 8B7115A4002D9699800AA0B4 /* Pods_GithubStargazersMock.framework */; };
		E1508DF5C38D3D1C09A23A76 /* NetworkingTests.swift in Sources */ = {isa = PBXBuildFile; fileRef = 97538587E7E00C77C2620096 /* NetworkingTests.swift */; };
		E9B0AD71011DF2DA14C31222 /* trend_milano_centrale.json in Resources */ = {isa = PBXBuildFile; fileRef = 168D1B8388FBDB234C209B04 /* trend_milano_centrale.json */; };
		F2399A77CE071B3362843096 /* Application+ActivityFeed.swift in Sources */ = {isa = PBXBuildFile; fileRef = 000924F24E5151A9B4A769F4 /* Application+ActivityFeed.swift */; };
		F2C1482A58F2B8D2C5F5F79D /* Utils+Rx.swift in Sources */ = {isa = PBXBuildFile; fileRef = 80665B7E76F57884A40C54F5 /* Utils+Rx.swift */; };
		F542603228C51574C40E9254 /* Application+Store.swift in Sources */ = {isa = PBXBuildFile; fileRef = 1C4471467947D85C1076870F /* Application+Store.swift */; };
		F8952B31265D6F040048FCA9 /* Stargazer+View.swift in Sources */ = {isa = PBXBuildFile; fileRef = F8C9D052265C2CBF00D29BAA /* Stargazer+View.swift */; };
		F8952B35265D6F0C0048FCA9 /* Stargazer+Feature.swift in Sources */ = {isa = PBXBuildFile; fileRef = F8C9D04D265C2C5500D29BAA /* Stargazer+Feature.swift */; };
		F8952B39265D6F980048FCA9 /* StargazerRequest.swift in Sources */ = {isa = PBXBuildFile; fileRef = F8C9D001265BD81000D29BAA /* StargazerRequest.swift */; };
		F8952B3D265D6FB60048FCA9 /* Environment+live.swift in Sources */ = {isa = PBXBuildFile; fileRef = F8C9D08A265C34B000D29BAA /* Environment+live.swift */; };
		F8952BBA265EAEED0048FCA9 /* Search+Feature.swift in Sources */ = {isa = PBXBuildFile; fileRef = F8952BB9265EAEED0048FCA9 /* Search+Feature.swift */; };
		F8952BBB265EAEED0048FCA9 /* Search+Feature.swift in Sources */ = {isa = PBXBuildFile; fileRef = F8952BB9265EAEED0048FCA9 /* Search+Feature.swift */; };
		F8952BCA265EB14A0048FCA9 /* SearchViewController.swift in Sources */ = {isa = PBXBuildFile; fileRef = F8952BC8265EB14A0048FCA9 /* SearchViewController.swift */; };
		F8952BCB265EB14A0048FCA9 /* SearchViewController.swift in Sources */ = {isa = PBXBuildFile; fileRef = F8952BC8265EB14A0048FCA9 /* SearchViewController.swift */; };
		F8952BCC265EB14A0048FCA9 /* SearchViewController.xib in Resources */ = {isa = PBXBuildFile; fileRef = F8952BC9265EB14A0048FCA9 /* SearchViewController.xib */; };
		F8952BCD265EB14A0048FCA9 /* SearchViewController.xib in Resources */ = {isa = PBXBuildFile; fileRef = F8952BC9265EB14A0048FCA9 /* SearchViewController.xib */; };
		F8952C362663D6DD0048FCA9 /* StargazersListViewController+Binder.swift in Sources */ = {isa = PBXBuildFile; fileRef = F8952C352663D6DD0048FCA9 /* StargazersListViewController+Binder.swift */; };
		F8952C372663D6DD0048FCA9 /* StargazersListViewController+Binder.swift in Sources */ = {isa = PBXBuildFile; fileRef = F8952C352663D6DD0048FCA9 /* StargazersListViewController+Binder.swift */; };
		F8952C3C2663D70C0048FCA9 /* SearchViewController+Binder.swift in Sources */ = {isa = PBXBuildFile; fileRef = F8952C3B2663D70C0048FCA9 /* SearchViewController+Binder.swift */; };
		F8952C3D2663D70C0048FCA9 /* SearchViewController+Binder.swift in Sources */ = {isa = PBXBuildFile; fileRef = F8952C3B2663D70C0048FCA9 /* SearchViewController+Binder.swift */; };
		F8AC5E7E265D6C160052A205 /* Environment+mock.swift in Sources */ = {isa = PBXBuildFile; fileRef = F8AC5E7C265D6C160052A205 /* Environment+mock.swift */; };
		F8C9D002265BD81000D29BAA /* StargazerRequest.swift in Sources */ = {isa = PBXBuildFile; fileRef = F8C9D001265BD81000D29BAA /* StargazerRequest.swift */; };
		F8C9D00A265BF28600D29BAA /* StargazersViewTests.swift in Sources */ = {isa = PBXBuildFile; fileRef = F8C9D009265BF28600D29BAA /* StargazersViewTests.swift */; };
		F8C9D04E265C2C5500D29BAA /* Stargazer+Feature.swift in Sources */ = {isa = PBXBuildFile; fileRef = F8C9D04D265C2C5500D29BAA /* Stargazer+Feature.swift */; };
		F8C9D053265C2CBF00D29BAA /* Stargazer+View.swift in Sources */ = {isa = PBXBuildFile; fileRef = F8C9D052265C2CBF00D29BAA /* Stargazer+View.swift */; };
		F8C9D08B265C34B000D29BAA /* Environment+live.swift in Sources */ = {isa = PBXBuildFile; fileRef = F8C9D08A265C34B000D29BAA /* Environment+live.swift */; };
		F8C9D0B5265C3A9300D29BAA /* ApplicationTests.swift in Sources */ = {isa = PBXBuildFile; fileRef = F8C9D0B4265C3A9300D29BAA /* ApplicationTests.swift */; };
		F8C9D100265CD1FA00D29BAA /* StargazersListViewController.swift in Sources */ = {isa = PBXBuildFile; fileRef = F8C9D0FE265CD1FA00D29BAA /* StargazersListViewController.swift */; };
		F8C9D101265CD1FA00D29BAA /* StargazersListViewController.swift in Sources */ = {isa = PBXBuildFile; fileRef = F8C9D0FE265CD1FA00D29BAA /* StargazersListViewController.swift */; };
		F8C9D102265CD1FA00D29BAA /* StargazersListViewController.xib in Resources */ = {isa = PBXBuildFile; fileRef = F8C9D0FF265CD1FA00D29BAA /* StargazersListViewController.xib */; };
		F8C9D103265CD1FA00D29BAA /* StargazersListViewController.xib in Resources */ = {isa = PBXBuildFile; fileRef = F8C9D0FF265CD1FA00D29BAA /* StargazersListViewController.xib */; };
		F8C9D109265CD2BD00D29BAA /* StargazerCell.swift in Sources */ = {isa = PBXBuildFile; fileRef = F8C9D107265CD2BD00D29BAA /* StargazerCell.swift */; };
		F8C9D10A265CD2BD00D29BAA /* StargazerCell.swift in Sources */ = {isa = PBXBuildFile; fileRef = F8C9D107265CD2BD00D29BAA /* StargazerCell.swift */; };
		F8C9D10B265CD2BD00D29BAA /* StargazerCell.xib in Resources */ = {isa = PBXBuildFile; fileRef = F8C9D108265CD2BD00D29BAA /* StargazerCell.xib */; };
		F8C9D10C265CD2BD00D29BAA /* StargazerCell.xib in Resources */ = {isa = PBXBuildFile; fileRef = F8C9D108265CD2BD00D29BAA /* StargazerCell.xib */; };
		F969434938574005E1482DDD /* Localizable.swift in Sources */ = {isa = PBXBuildFile; fileRef = 71AC230BC4B8CB92A2D6FF88 /* Localizable.swift */; };
		F9939C68E1B29FFD86BFCC74 /* Application+Environment.swift in Sources */ = {isa = PBXBuildFile; fileRef = 239010BE486EA21FED72AA30 /* Application+Environment.swift */; };
		FB333780396419D8C1FBA687 /* Localizable.swift in Sources */ = {isa = PBXBuildFile; fileRef = 71AC230BC4B8CB92A2D6FF88 /* Localizable.swift */; };
		FF8576B7E1512CF574D4B4B1 /* trend_broken.json in Resources */ = {isa = PBXBuildFile; fileRef = 7C351BA033DD139B1FCDD5B4 /* trend_broken.json */; };
/* End PBXBuildFile section */

/* Begin PBXContainerItemProxy section */
		36E0554E637F8A2F284C3F11 /* PBXContainerItemProxy */ = {
			isa = PBXContainerItemProxy;
			containerPortal = 51F38EE05BE90E83FEAF2AAD /* Project object */;
			proxyType = 1;
			remoteGlobalIDString = D515C9914D8F9211FB7924C9;
			remoteInfo = GithubStargazers;
		};
/* End PBXContainerItemProxy section */

/* Begin PBXFileReference section */
		000924F24E5151A9B4A769F4 /* Application+ActivityFeed.swift */ = {isa = PBXFileReference; lastKnownFileType = sourcecode.swift; path = "Application+ActivityFeed.swift"; sourceTree = "<group>"; };
		010CA30AC8CC2F00CE3E212B /* en */ = {isa = PBXFileReference; lastKnownFileType = text.plist.strings; name = en; path = en.lproj/Localizable.strings; sourceTree = "<group>"; };
		02D3EFF2B5C4EF37FC5B8DBA /* Pods-GithubStargazers.release.xcconfig */ = {isa = PBXFileReference; includeInIndex = 1; lastKnownFileType = text.xcconfig; name = "Pods-GithubStargazers.release.xcconfig"; path = "Target Support Files/Pods-GithubStargazers/Pods-GithubStargazers.release.xcconfig"; sourceTree = "<group>"; };
		071FDDE8161E1D88FF3E77E5 /* Mock+resources.swift */ = {isa = PBXFileReference; lastKnownFileType = sourcecode.swift; path = "Mock+resources.swift"; sourceTree = "<group>"; };
		07DC6376CF9244B71642B551 /* stations_broken.txt */ = {isa = PBXFileReference; lastKnownFileType = text; path = stations_broken.txt; sourceTree = "<group>"; };
		0E70098E9EB10168D8E2BFBF /* Pods-GithubStargazers.debug.xcconfig */ = {isa = PBXFileReference; includeInIndex = 1; lastKnownFileType = text.xcconfig; name = "Pods-GithubStargazers.debug.xcconfig"; path = "Target Support Files/Pods-GithubStargazers/Pods-GithubStargazers.debug.xcconfig"; sourceTree = "<group>"; };
		12C0F3710EB7BFD723701E3D /* Difference+.swift */ = {isa = PBXFileReference; lastKnownFileType = sourcecode.swift; path = "Difference+.swift"; sourceTree = "<group>"; };
		1437F0942F5607772BC8CA97 /* APIRequest.swift */ = {isa = PBXFileReference; lastKnownFileType = sourcecode.swift; path = APIRequest.swift; sourceTree = "<group>"; };
		168D1B8388FBDB234C209B04 /* trend_milano_centrale.json */ = {isa = PBXFileReference; lastKnownFileType = text.json; path = trend_milano_centrale.json; sourceTree = "<group>"; };
		1C4471467947D85C1076870F /* Application+Store.swift */ = {isa = PBXFileReference; lastKnownFileType = sourcecode.swift; path = "Application+Store.swift"; sourceTree = "<group>"; };
		21FAAB4FEFA632D15D529FD6 /* stations.txt */ = {isa = PBXFileReference; lastKnownFileType = text; path = stations.txt; sourceTree = "<group>"; };
		239010BE486EA21FED72AA30 /* Application+Environment.swift */ = {isa = PBXFileReference; lastKnownFileType = sourcecode.swift; path = "Application+Environment.swift"; sourceTree = "<group>"; };
		2A01CE55EC44C436C7E1DF96 /* MockUrlProtocol.swift */ = {isa = PBXFileReference; lastKnownFileType = sourcecode.swift; path = MockUrlProtocol.swift; sourceTree = "<group>"; };
		39E83B1296DAC6017CB3ED7E /* departures_broken.json */ = {isa = PBXFileReference; lastKnownFileType = text.json; path = departures_broken.json; sourceTree = "<group>"; };
		3F9D5FB7FFA1054DAD70C2B1 /* Pods-GithubStargazersTests.debug.xcconfig */ = {isa = PBXFileReference; includeInIndex = 1; lastKnownFileType = text.xcconfig; name = "Pods-GithubStargazersTests.debug.xcconfig"; path = "Target Support Files/Pods-GithubStargazersTests/Pods-GithubStargazersTests.debug.xcconfig"; sourceTree = "<group>"; };
		4EDBA30D1E615EF292DE74F3 /* Pods_GithubStargazersTests.framework */ = {isa = PBXFileReference; explicitFileType = wrapper.framework; includeInIndex = 0; path = Pods_GithubStargazersTests.framework; sourceTree = BUILT_PRODUCTS_DIR; };
		502EE77BB7B0E038C99316DA /* train_sections.json */ = {isa = PBXFileReference; lastKnownFileType = text.json; path = train_sections.json; sourceTree = "<group>"; };
		5ADFCA4462F78FEE23DA7036 /* installations.csv */ = {isa = PBXFileReference; lastKnownFileType = text; path = installations.csv; sourceTree = "<group>"; };
		5C873F7E18E642E7E7D0A619 /* departures.json */ = {isa = PBXFileReference; lastKnownFileType = text.json; path = departures.json; sourceTree = "<group>"; };
		5D4E3D99C3348F33756147DF /* Info.plist */ = {isa = PBXFileReference; lastKnownFileType = text.plist; path = Info.plist; sourceTree = "<group>"; };
		62CF1093E08AF841E8EAA13F /* Networking.swift */ = {isa = PBXFileReference; lastKnownFileType = sourcecode.swift; path = Networking.swift; sourceTree = "<group>"; };
		6BBCF54DDC938F09D377EB8E /* trend.json */ = {isa = PBXFileReference; lastKnownFileType = text.json; path = trend.json; sourceTree = "<group>"; };
		711394DA3DA10259E012D116 /* Pods-GithubStargazersTests.mock.xcconfig */ = {isa = PBXFileReference; includeInIndex = 1; lastKnownFileType = text.xcconfig; name = "Pods-GithubStargazersTests.mock.xcconfig"; path = "Target Support Files/Pods-GithubStargazersTests/Pods-GithubStargazersTests.mock.xcconfig"; sourceTree = "<group>"; };
		71AC230BC4B8CB92A2D6FF88 /* Localizable.swift */ = {isa = PBXFileReference; lastKnownFileType = sourcecode.swift; path = Localizable.swift; sourceTree = "<group>"; };
		7A762A9668685C7A8C68F60F /* rate.csv */ = {isa = PBXFileReference; lastKnownFileType = text; path = rate.csv; sourceTree = "<group>"; };
		7B3E9879CBB8F06767FEBD52 /* Pods_GithubStargazers.framework */ = {isa = PBXFileReference; explicitFileType = wrapper.framework; includeInIndex = 0; path = Pods_GithubStargazers.framework; sourceTree = BUILT_PRODUCTS_DIR; };
		7C351BA033DD139B1FCDD5B4 /* trend_broken.json */ = {isa = PBXFileReference; lastKnownFileType = text.json; path = trend_broken.json; sourceTree = "<group>"; };
		7EAB733EF2E0F0F51469A116 /* Pods-GithubStargazersMock.release.xcconfig */ = {isa = PBXFileReference; includeInIndex = 1; lastKnownFileType = text.xcconfig; name = "Pods-GithubStargazersMock.release.xcconfig"; path = "Target Support Files/Pods-GithubStargazersMock/Pods-GithubStargazersMock.release.xcconfig"; sourceTree = "<group>"; };
		80665B7E76F57884A40C54F5 /* Utils+Rx.swift */ = {isa = PBXFileReference; lastKnownFileType = sourcecode.swift; path = "Utils+Rx.swift"; sourceTree = "<group>"; };
		8AD4B5F172FAFF5D1CDFE460 /* it */ = {isa = PBXFileReference; lastKnownFileType = text.plist.strings; name = it; path = it.lproj/Localizable.strings; sourceTree = "<group>"; };
		8B7115A4002D9699800AA0B4 /* Pods_GithubStargazersMock.framework */ = {isa = PBXFileReference; explicitFileType = wrapper.framework; includeInIndex = 0; path = Pods_GithubStargazersMock.framework; sourceTree = BUILT_PRODUCTS_DIR; };
		931A40254D4411C757B1AFDF /* Info.plist */ = {isa = PBXFileReference; lastKnownFileType = text.plist; path = Info.plist; sourceTree = "<group>"; };
		955420E8896799FF56DB8F2E /* Pods-GithubStargazersMock.debug.xcconfig */ = {isa = PBXFileReference; includeInIndex = 1; lastKnownFileType = text.xcconfig; name = "Pods-GithubStargazersMock.debug.xcconfig"; path = "Target Support Files/Pods-GithubStargazersMock/Pods-GithubStargazersMock.debug.xcconfig"; sourceTree = "<group>"; };
		97538587E7E00C77C2620096 /* NetworkingTests.swift */ = {isa = PBXFileReference; lastKnownFileType = sourcecode.swift; path = NetworkingTests.swift; sourceTree = "<group>"; };
		A0076C455D939046C647F0FB /* Pods-GithubStargazers.mock.xcconfig */ = {isa = PBXFileReference; includeInIndex = 1; lastKnownFileType = text.xcconfig; name = "Pods-GithubStargazers.mock.xcconfig"; path = "Target Support Files/Pods-GithubStargazers/Pods-GithubStargazers.mock.xcconfig"; sourceTree = "<group>"; };
		B761514C6EDE488B2FA055CB /* arrivals_broken.json */ = {isa = PBXFileReference; lastKnownFileType = text.json; path = arrivals_broken.json; sourceTree = "<group>"; };
		BBDF47D88A24F878DCA42AFC /* Rate.swift */ = {isa = PBXFileReference; lastKnownFileType = sourcecode.swift; path = Rate.swift; sourceTree = "<group>"; };
		BC477564F9D14D7CDBF5B8FA /* GithubStargazersMock.app */ = {isa = PBXFileReference; explicitFileType = wrapper.application; includeInIndex = 0; path = GithubStargazersMock.app; sourceTree = BUILT_PRODUCTS_DIR; };
		BF798E0C0D51D3B84B82AE45 /* BaseViewController.swift */ = {isa = PBXFileReference; lastKnownFileType = sourcecode.swift; path = BaseViewController.swift; sourceTree = "<group>"; };
		C3E0795B3BB71B6A4B64B109 /* trend_torino_p_nuova_reggio_calabria.json */ = {isa = PBXFileReference; lastKnownFileType = text.json; path = trend_torino_p_nuova_reggio_calabria.json; sourceTree = "<group>"; };
		C7C14D20AF2B3B4444537825 /* GithubStargazers.app */ = {isa = PBXFileReference; explicitFileType = wrapper.application; includeInIndex = 0; path = GithubStargazers.app; sourceTree = BUILT_PRODUCTS_DIR; };
		C8486AF6EC9305D3E1431051 /* GithubStargazersTests.xctest */ = {isa = PBXFileReference; includeInIndex = 0; lastKnownFileType = wrapper.cfbundle; path = GithubStargazersTests.xctest; sourceTree = BUILT_PRODUCTS_DIR; };
		CBC1F294862C5AFB4F994831 /* Application+State.swift */ = {isa = PBXFileReference; lastKnownFileType = sourcecode.swift; path = "Application+State.swift"; sourceTree = "<group>"; };
		CE1821A4B1D606DB2D95A604 /* arrivals.json */ = {isa = PBXFileReference; lastKnownFileType = text.json; path = arrivals.json; sourceTree = "<group>"; };
		D4432E8D28EE9A7A1EAF4BED /* Mock+.swift */ = {isa = PBXFileReference; lastKnownFileType = sourcecode.swift; path = "Mock+.swift"; sourceTree = "<group>"; };
		DC78F3EAC64CA2B6E6A4C585 /* Pods-GithubStargazersMock.mock.xcconfig */ = {isa = PBXFileReference; includeInIndex = 1; lastKnownFileType = text.xcconfig; name = "Pods-GithubStargazersMock.mock.xcconfig"; path = "Target Support Files/Pods-GithubStargazersMock/Pods-GithubStargazersMock.mock.xcconfig"; sourceTree = "<group>"; };
		DE694FF9335A09C34E984DE9 /* Application+Action.swift */ = {isa = PBXFileReference; lastKnownFileType = sourcecode.swift; path = "Application+Action.swift"; sourceTree = "<group>"; };
		DECB27D32C0F8B2D654C4426 /* Assets.xcassets */ = {isa = PBXFileReference; lastKnownFileType = folder.assetcatalog; path = Assets.xcassets; sourceTree = "<group>"; };
		E29122E7C23E415A48599E01 /* AppDelegate.swift */ = {isa = PBXFileReference; lastKnownFileType = sourcecode.swift; path = AppDelegate.swift; sourceTree = "<group>"; };
		EBEA2417CAC665BB82B8A480 /* Application+Reducer.swift */ = {isa = PBXFileReference; lastKnownFileType = sourcecode.swift; path = "Application+Reducer.swift"; sourceTree = "<group>"; };
		F108FA6146EDC88EAAE52ACD /* Pods-GithubStargazersTests.release.xcconfig */ = {isa = PBXFileReference; includeInIndex = 1; lastKnownFileType = text.xcconfig; name = "Pods-GithubStargazersTests.release.xcconfig"; path = "Target Support Files/Pods-GithubStargazersTests/Pods-GithubStargazersTests.release.xcconfig"; sourceTree = "<group>"; };
		F2FA069599FBD58F87650A7D /* train_sections_broken.json */ = {isa = PBXFileReference; lastKnownFileType = text.json; path = train_sections_broken.json; sourceTree = "<group>"; };
		F8952BB9265EAEED0048FCA9 /* Search+Feature.swift */ = {isa = PBXFileReference; lastKnownFileType = sourcecode.swift; path = "Search+Feature.swift"; sourceTree = "<group>"; };
		F8952BC8265EB14A0048FCA9 /* SearchViewController.swift */ = {isa = PBXFileReference; lastKnownFileType = sourcecode.swift; path = SearchViewController.swift; sourceTree = "<group>"; };
		F8952BC9265EB14A0048FCA9 /* SearchViewController.xib */ = {isa = PBXFileReference; lastKnownFileType = file.xib; path = SearchViewController.xib; sourceTree = "<group>"; };
		F8952C0D265FA6950048FCA9 /* README.md */ = {isa = PBXFileReference; fileEncoding = 4; lastKnownFileType = net.daringfireball.markdown; path = README.md; sourceTree = "<group>"; };
		F8952C352663D6DD0048FCA9 /* StargazersListViewController+Binder.swift */ = {isa = PBXFileReference; lastKnownFileType = sourcecode.swift; path = "StargazersListViewController+Binder.swift"; sourceTree = "<group>"; };
		F8952C3B2663D70C0048FCA9 /* SearchViewController+Binder.swift */ = {isa = PBXFileReference; lastKnownFileType = sourcecode.swift; path = "SearchViewController+Binder.swift"; sourceTree = "<group>"; };
		F8AC5E7C265D6C160052A205 /* Environment+mock.swift */ = {isa = PBXFileReference; lastKnownFileType = sourcecode.swift; path = "Environment+mock.swift"; sourceTree = "<group>"; };
		F8C9D001265BD81000D29BAA /* StargazerRequest.swift */ = {isa = PBXFileReference; lastKnownFileType = sourcecode.swift; path = StargazerRequest.swift; sourceTree = "<group>"; };
		F8C9D009265BF28600D29BAA /* StargazersViewTests.swift */ = {isa = PBXFileReference; lastKnownFileType = sourcecode.swift; path = StargazersViewTests.swift; sourceTree = "<group>"; };
		F8C9D04D265C2C5500D29BAA /* Stargazer+Feature.swift */ = {isa = PBXFileReference; lastKnownFileType = sourcecode.swift; path = "Stargazer+Feature.swift"; sourceTree = "<group>"; };
		F8C9D052265C2CBF00D29BAA /* Stargazer+View.swift */ = {isa = PBXFileReference; lastKnownFileType = sourcecode.swift; path = "Stargazer+View.swift"; sourceTree = "<group>"; };
		F8C9D08A265C34B000D29BAA /* Environment+live.swift */ = {isa = PBXFileReference; lastKnownFileType = sourcecode.swift; path = "Environment+live.swift"; sourceTree = "<group>"; };
		F8C9D0B4265C3A9300D29BAA /* ApplicationTests.swift */ = {isa = PBXFileReference; lastKnownFileType = sourcecode.swift; path = ApplicationTests.swift; sourceTree = "<group>"; };
		F8C9D0FE265CD1FA00D29BAA /* StargazersListViewController.swift */ = {isa = PBXFileReference; lastKnownFileType = sourcecode.swift; path = StargazersListViewController.swift; sourceTree = "<group>"; };
		F8C9D0FF265CD1FA00D29BAA /* StargazersListViewController.xib */ = {isa = PBXFileReference; lastKnownFileType = file.xib; path = StargazersListViewController.xib; sourceTree = "<group>"; };
		F8C9D107265CD2BD00D29BAA /* StargazerCell.swift */ = {isa = PBXFileReference; lastKnownFileType = sourcecode.swift; path = StargazerCell.swift; sourceTree = "<group>"; };
		F8C9D108265CD2BD00D29BAA /* StargazerCell.xib */ = {isa = PBXFileReference; lastKnownFileType = file.xib; path = StargazerCell.xib; sourceTree = "<group>"; };
		FD857FCF53053A09EAD23E4A /* URLRequests+HTTPStatusCodes.swift */ = {isa = PBXFileReference; lastKnownFileType = sourcecode.swift; path = "URLRequests+HTTPStatusCodes.swift"; sourceTree = "<group>"; };
/* End PBXFileReference section */

/* Begin PBXFrameworksBuildPhase section */
		0E612B4188E5DC441A6DA094 /* Frameworks */ = {
			isa = PBXFrameworksBuildPhase;
			buildActionMask = 2147483647;
			files = (
				6807E1F366924326E1D3442F /* Pods_GithubStargazersTests.framework in Frameworks */,
			);
			runOnlyForDeploymentPostprocessing = 0;
		};
		365B95FA3AD6732332814873 /* Frameworks */ = {
			isa = PBXFrameworksBuildPhase;
			buildActionMask = 2147483647;
			files = (
				DA3753D60CBC69EE61E25FDF /* Pods_GithubStargazersMock.framework in Frameworks */,
			);
			runOnlyForDeploymentPostprocessing = 0;
		};
		5D0842171A6565A1082D815B /* Frameworks */ = {
			isa = PBXFrameworksBuildPhase;
			buildActionMask = 2147483647;
			files = (
				467DB0A7AFB111807E73D993 /* Pods_GithubStargazers.framework in Frameworks */,
			);
			runOnlyForDeploymentPostprocessing = 0;
		};
/* End PBXFrameworksBuildPhase section */

/* Begin PBXGroup section */
		1241B8036E1B63EB2AEF9553 /* Requests */ = {
			isa = PBXGroup;
			children = (
				B34A43A388A0F79D4728AE8C /* Models */,
				F8C9D001265BD81000D29BAA /* StargazerRequest.swift */,
			);
			path = Requests;
			sourceTree = "<group>";
		};
		1EED340F1864F7DC998C8F53 /* Supporting Files */ = {
			isa = PBXGroup;
			children = (
				DECB27D32C0F8B2D654C4426 /* Assets.xcassets */,
				931A40254D4411C757B1AFDF /* Info.plist */,
				89B01DF5CE4F1F540E99214E /* Mock */,
			);
			path = "Supporting Files";
			sourceTree = "<group>";
		};
		2869BF8BAD7BD294B6E3C60B /* Departures */ = {
			isa = PBXGroup;
			children = (
				39E83B1296DAC6017CB3ED7E /* departures_broken.json */,
				5C873F7E18E642E7E7D0A619 /* departures.json */,
			);
			path = Departures;
			sourceTree = "<group>";
		};
		35341692B046C1DB3453F98A /* GithubStargazersTests */ = {
			isa = PBXGroup;
			children = (
				12C0F3710EB7BFD723701E3D /* Difference+.swift */,
				5D4E3D99C3348F33756147DF /* Info.plist */,
				071FDDE8161E1D88FF3E77E5 /* Mock+resources.swift */,
				462409EBD0F4BB35323DC216 /* NetworkingTests */,
			);
			path = GithubStargazersTests;
			sourceTree = "<group>";
		};
		405DACF2FDA4554FE6934C39 = {
			isa = PBXGroup;
			children = (
				F8952C0D265FA6950048FCA9 /* README.md */,
				82355097E2849186F028616E /* GithubStargazers */,
				35341692B046C1DB3453F98A /* GithubStargazersTests */,
				78D0DAC69444ED9DFCC9763E /* Products */,
				C2A8AB250FD408B126EF64FF /* Pods */,
				BC8E7A648867B996F7E19DA4 /* Frameworks */,
			);
			indentWidth = 4;
			sourceTree = "<group>";
			tabWidth = 4;
		};
		462409EBD0F4BB35323DC216 /* NetworkingTests */ = {
			isa = PBXGroup;
			children = (
				2A01CE55EC44C436C7E1DF96 /* MockUrlProtocol.swift */,
				97538587E7E00C77C2620096 /* NetworkingTests.swift */,
				F8C9D009265BF28600D29BAA /* StargazersViewTests.swift */,
				F8C9D0B4265C3A9300D29BAA /* ApplicationTests.swift */,
			);
			path = NetworkingTests;
			sourceTree = "<group>";
		};
		5A16646115E2908FA25306B5 /* Networking */ = {
			isa = PBXGroup;
			children = (
				1437F0942F5607772BC8CA97 /* APIRequest.swift */,
				62CF1093E08AF841E8EAA13F /* Networking.swift */,
				FD857FCF53053A09EAD23E4A /* URLRequests+HTTPStatusCodes.swift */,
				1241B8036E1B63EB2AEF9553 /* Requests */,
			);
			path = Networking;
			sourceTree = "<group>";
		};
		5FE477289C767812BF6CE49B /* Trend */ = {
			isa = PBXGroup;
			children = (
				7C351BA033DD139B1FCDD5B4 /* trend_broken.json */,
				168D1B8388FBDB234C209B04 /* trend_milano_centrale.json */,
				C3E0795B3BB71B6A4B64B109 /* trend_torino_p_nuova_reggio_calabria.json */,
				6BBCF54DDC938F09D377EB8E /* trend.json */,
			);
			path = Trend;
			sourceTree = "<group>";
		};
		70F1D82AFBBD6E6E87E1FEEA /* Arrivals */ = {
			isa = PBXGroup;
			children = (
				B761514C6EDE488B2FA055CB /* arrivals_broken.json */,
				CE1821A4B1D606DB2D95A604 /* arrivals.json */,
			);
			path = Arrivals;
			sourceTree = "<group>";
		};
		78D0DAC69444ED9DFCC9763E /* Products */ = {
			isa = PBXGroup;
			children = (
				C7C14D20AF2B3B4444537825 /* GithubStargazers.app */,
				BC477564F9D14D7CDBF5B8FA /* GithubStargazersMock.app */,
				C8486AF6EC9305D3E1431051 /* GithubStargazersTests.xctest */,
			);
			name = Products;
			sourceTree = "<group>";
		};
		7A0DD34D30CEBDB45161C338 /* Stations */ = {
			isa = PBXGroup;
			children = (
				07DC6376CF9244B71642B551 /* stations_broken.txt */,
				21FAAB4FEFA632D15D529FD6 /* stations.txt */,
			);
			path = Stations;
			sourceTree = "<group>";
		};
		82355097E2849186F028616E /* GithubStargazers */ = {
			isa = PBXGroup;
			children = (
				E29122E7C23E415A48599E01 /* AppDelegate.swift */,
				F8C9D0C0265CCC1D00D29BAA /* Utilities */,
				C3EF76BDB427437EDBA4BC24 /* Application */,
				E5538A2D60FACD78167250DD /* Features */,
				5A16646115E2908FA25306B5 /* Networking */,
				90012579D285A0C81DB0F172 /* Resources */,
				1EED340F1864F7DC998C8F53 /* Supporting Files */,
			);
			path = GithubStargazers;
			sourceTree = "<group>";
		};
		89B01DF5CE4F1F540E99214E /* Mock */ = {
			isa = PBXGroup;
			children = (
				70F1D82AFBBD6E6E87E1FEEA /* Arrivals */,
				2869BF8BAD7BD294B6E3C60B /* Departures */,
				AAF37C5ACA4DD0E3F20F0A9C /* Rate */,
				CCF464C091B8168E043DB14F /* Sections */,
				7A0DD34D30CEBDB45161C338 /* Stations */,
				5FE477289C767812BF6CE49B /* Trend */,
			);
			path = Mock;
			sourceTree = "<group>";
		};
		90012579D285A0C81DB0F172 /* Resources */ = {
			isa = PBXGroup;
			children = (
				8C3BAEEA3031A9EFE658B755 /* Localizable.strings */,
				71AC230BC4B8CB92A2D6FF88 /* Localizable.swift */,
			);
			path = Resources;
			sourceTree = "<group>";
		};
		AAF37C5ACA4DD0E3F20F0A9C /* Rate */ = {
			isa = PBXGroup;
			children = (
				5ADFCA4462F78FEE23DA7036 /* installations.csv */,
				7A762A9668685C7A8C68F60F /* rate.csv */,
			);
			path = Rate;
			sourceTree = "<group>";
		};
		B34A43A388A0F79D4728AE8C /* Models */ = {
			isa = PBXGroup;
			children = (
				BBDF47D88A24F878DCA42AFC /* Rate.swift */,
			);
			path = Models;
			sourceTree = "<group>";
		};
		BC8E7A648867B996F7E19DA4 /* Frameworks */ = {
			isa = PBXGroup;
			children = (
				7B3E9879CBB8F06767FEBD52 /* Pods_GithubStargazers.framework */,
				8B7115A4002D9699800AA0B4 /* Pods_GithubStargazersMock.framework */,
				4EDBA30D1E615EF292DE74F3 /* Pods_GithubStargazersTests.framework */,
			);
			name = Frameworks;
			sourceTree = "<group>";
		};
		C2A8AB250FD408B126EF64FF /* Pods */ = {
			isa = PBXGroup;
			children = (
				0E70098E9EB10168D8E2BFBF /* Pods-GithubStargazers.debug.xcconfig */,
				A0076C455D939046C647F0FB /* Pods-GithubStargazers.mock.xcconfig */,
				02D3EFF2B5C4EF37FC5B8DBA /* Pods-GithubStargazers.release.xcconfig */,
				955420E8896799FF56DB8F2E /* Pods-GithubStargazersMock.debug.xcconfig */,
				DC78F3EAC64CA2B6E6A4C585 /* Pods-GithubStargazersMock.mock.xcconfig */,
				7EAB733EF2E0F0F51469A116 /* Pods-GithubStargazersMock.release.xcconfig */,
				3F9D5FB7FFA1054DAD70C2B1 /* Pods-GithubStargazersTests.debug.xcconfig */,
				711394DA3DA10259E012D116 /* Pods-GithubStargazersTests.mock.xcconfig */,
				F108FA6146EDC88EAAE52ACD /* Pods-GithubStargazersTests.release.xcconfig */,
			);
			path = Pods;
			sourceTree = "<group>";
		};
		C3EF76BDB427437EDBA4BC24 /* Application */ = {
			isa = PBXGroup;
			children = (
				F8C9D0AD265C35EC00D29BAA /* environments */,
				1C4471467947D85C1076870F /* Application+Store.swift */,
				000924F24E5151A9B4A769F4 /* Application+ActivityFeed.swift */,
				CBC1F294862C5AFB4F994831 /* Application+State.swift */,
				DE694FF9335A09C34E984DE9 /* Application+Action.swift */,
				EBEA2417CAC665BB82B8A480 /* Application+Reducer.swift */,
				239010BE486EA21FED72AA30 /* Application+Environment.swift */,
			);
			path = Application;
			sourceTree = "<group>";
		};
		CCF464C091B8168E043DB14F /* Sections */ = {
			isa = PBXGroup;
			children = (
				F2FA069599FBD58F87650A7D /* train_sections_broken.json */,
				502EE77BB7B0E038C99316DA /* train_sections.json */,
			);
			path = Sections;
			sourceTree = "<group>";
		};
		E5538A2D60FACD78167250DD /* Features */ = {
			isa = PBXGroup;
			children = (
				F8C9D052265C2CBF00D29BAA /* Stargazer+View.swift */,
				F8952BB8265EAEDB0048FCA9 /* Search */,
				F8C9D0BC265CCBD400D29BAA /* Stargazer */,
			);
			path = Features;
			sourceTree = "<group>";
		};
		F8585D3D265CEBF600B1FF46 /* Cells */ = {
			isa = PBXGroup;
			children = (
				F8C9D107265CD2BD00D29BAA /* StargazerCell.swift */,
				F8C9D108265CD2BD00D29BAA /* StargazerCell.xib */,
			);
			path = Cells;
			sourceTree = "<group>";
		};
		F8952BB8265EAEDB0048FCA9 /* Search */ = {
			isa = PBXGroup;
			children = (
				F8952BB9265EAEED0048FCA9 /* Search+Feature.swift */,
				F8952BC8265EB14A0048FCA9 /* SearchViewController.swift */,
				F8952BC9265EB14A0048FCA9 /* SearchViewController.xib */,
				F8952C3B2663D70C0048FCA9 /* SearchViewController+Binder.swift */,
			);
			path = Search;
			sourceTree = "<group>";
		};
		F8C9D0AD265C35EC00D29BAA /* environments */ = {
			isa = PBXGroup;
			children = (
				F8C9D08A265C34B000D29BAA /* Environment+live.swift */,
				F8AC5E7C265D6C160052A205 /* Environment+mock.swift */,
			);
			path = environments;
			sourceTree = "<group>";
		};
		F8C9D0BC265CCBD400D29BAA /* Stargazer */ = {
			isa = PBXGroup;
			children = (
				F8C9D04D265C2C5500D29BAA /* Stargazer+Feature.swift */,
				F8952C352663D6DD0048FCA9 /* StargazersListViewController+Binder.swift */,
				F8C9D0FE265CD1FA00D29BAA /* StargazersListViewController.swift */,
				F8C9D0FF265CD1FA00D29BAA /* StargazersListViewController.xib */,
				F8585D3D265CEBF600B1FF46 /* Cells */,
			);
			path = Stargazer;
			sourceTree = "<group>";
		};
		F8C9D0C0265CCC1D00D29BAA /* Utilities */ = {
			isa = PBXGroup;
			children = (
				BF798E0C0D51D3B84B82AE45 /* BaseViewController.swift */,
				D4432E8D28EE9A7A1EAF4BED /* Mock+.swift */,
				80665B7E76F57884A40C54F5 /* Utils+Rx.swift */,
			);
			path = Utilities;
			sourceTree = "<group>";
		};
/* End PBXGroup section */

/* Begin PBXNativeTarget section */
		42FC03C96E99F9B122E30DCA /* GithubStargazersTests */ = {
			isa = PBXNativeTarget;
			buildConfigurationList = ED377AB505153F110961AE82 /* Build configuration list for PBXNativeTarget "GithubStargazersTests" */;
			buildPhases = (
				D2A6CE18F60D31E97F0EAE73 /* [CP] Check Pods Manifest.lock */,
				02E4329D5B7B5A4381D2E1D3 /* Sources */,
				0E612B4188E5DC441A6DA094 /* Frameworks */,
				2FBC612F9556ABC514A9101E /* [CP] Embed Pods Frameworks */,
			);
			buildRules = (
			);
			dependencies = (
				3550DF5C02986AEA068150C3 /* PBXTargetDependency */,
			);
			name = GithubStargazersTests;
			productName = GithubStargazersTests;
			productReference = C8486AF6EC9305D3E1431051 /* GithubStargazersTests.xctest */;
			productType = "com.apple.product-type.bundle.unit-test";
		};
		788E5DD354878331E4C414AD /* GithubStargazersMock */ = {
			isa = PBXNativeTarget;
			buildConfigurationList = 47D4114340419013C46EE40E /* Build configuration list for PBXNativeTarget "GithubStargazersMock" */;
			buildPhases = (
				9FD5DF825A0AC9AFEF938C23 /* [CP] Check Pods Manifest.lock */,
				0F215E0D9EC788D1E4EF0544 /* Sources */,
				D28C17002DBFDA6D38677B83 /* Resources */,
				365B95FA3AD6732332814873 /* Frameworks */,
				C5C5FA277A356E6305C765E6 /* [CP] Embed Pods Frameworks */,
			);
			buildRules = (
			);
			dependencies = (
			);
			name = GithubStargazersMock;
			productName = GithubStargazersMock;
			productReference = BC477564F9D14D7CDBF5B8FA /* GithubStargazersMock.app */;
			productType = "com.apple.product-type.application";
		};
		D515C9914D8F9211FB7924C9 /* GithubStargazers */ = {
			isa = PBXNativeTarget;
			buildConfigurationList = BDFA72FEADD17660E1234D96 /* Build configuration list for PBXNativeTarget "GithubStargazers" */;
			buildPhases = (
				CA4EB51955DAA4F9320AB8A5 /* [CP] Check Pods Manifest.lock */,
				6AEA24A271140041FC6A50BA /* Sources */,
				511FA2EED4DF6F128B00184A /* Resources */,
				5D0842171A6565A1082D815B /* Frameworks */,
				018B063172C0C58C41951D2B /* [CP] Embed Pods Frameworks */,
			);
			buildRules = (
			);
			dependencies = (
			);
			name = GithubStargazers;
			productName = GithubStargazers;
			productReference = C7C14D20AF2B3B4444537825 /* GithubStargazers.app */;
			productType = "com.apple.product-type.application";
		};
/* End PBXNativeTarget section */

/* Begin PBXProject section */
		51F38EE05BE90E83FEAF2AAD /* Project object */ = {
			isa = PBXProject;
			attributes = {
				LastUpgradeCheck = 1200;
			};
			buildConfigurationList = AA3DED0013DAA49D74B079E6 /* Build configuration list for PBXProject "GithubStargazers" */;
			compatibilityVersion = "Xcode 10.0";
			developmentRegion = en;
			hasScannedForEncodings = 0;
			knownRegions = (
				Base,
				en,
				it,
			);
			mainGroup = 405DACF2FDA4554FE6934C39;
			productRefGroup = 78D0DAC69444ED9DFCC9763E /* Products */;
			projectDirPath = "";
			projectRoot = "";
			targets = (
				D515C9914D8F9211FB7924C9 /* GithubStargazers */,
				788E5DD354878331E4C414AD /* GithubStargazersMock */,
				42FC03C96E99F9B122E30DCA /* GithubStargazersTests */,
			);
		};
/* End PBXProject section */

/* Begin PBXResourcesBuildPhase section */
		511FA2EED4DF6F128B00184A /* Resources */ = {
			isa = PBXResourcesBuildPhase;
			buildActionMask = 2147483647;
			files = (
				8F5AC2E32B9B33FB3E6A6572 /* Assets.xcassets in Resources */,
				F8952BCC265EB14A0048FCA9 /* SearchViewController.xib in Resources */,
				7E7EEA548771E71AE9D5826C /* Localizable.strings in Resources */,
				509AFBA8BFCB03A1C4F9D6E7 /* arrivals.json in Resources */,
				F8C9D10B265CD2BD00D29BAA /* StargazerCell.xib in Resources */,
				4AD735DF1C1ABB69FD894BD0 /* arrivals_broken.json in Resources */,
				7B249B8A77D7E31EE28E15B0 /* departures.json in Resources */,
				5B36394C7F328322CCF1B0CA /* departures_broken.json in Resources */,
				9EEB254803DB1E2B6935F901 /* installations.csv in Resources */,
				D5EE8433AA7F977707A0D335 /* rate.csv in Resources */,
				B1ACE0BD402D28E34A823433 /* stations.txt in Resources */,
				C4E731E654EF5528B046AA70 /* stations_broken.txt in Resources */,
				3825104926B703FF49BF24FF /* train_sections.json in Resources */,
				13087C5D7A993322B468334B /* train_sections_broken.json in Resources */,
				8E3268020C5B8468ED65E450 /* trend.json in Resources */,
				A384600C1F7650DB931150FC /* trend_broken.json in Resources */,
				AF772A4C9D9FF310FA4BD9D5 /* trend_milano_centrale.json in Resources */,
				F8C9D102265CD1FA00D29BAA /* StargazersListViewController.xib in Resources */,
				2B6D73CAFB58DBA13604953E /* trend_torino_p_nuova_reggio_calabria.json in Resources */,
			);
			runOnlyForDeploymentPostprocessing = 0;
		};
		D28C17002DBFDA6D38677B83 /* Resources */ = {
			isa = PBXResourcesBuildPhase;
			buildActionMask = 2147483647;
			files = (
				3F132280AC0FD8976560FC78 /* Assets.xcassets in Resources */,
				F8952BCD265EB14A0048FCA9 /* SearchViewController.xib in Resources */,
				92FF4E3F103B0C6FF37A5399 /* Localizable.strings in Resources */,
				B53B2EB2C1CFEC178BC8D461 /* arrivals.json in Resources */,
				F8C9D10C265CD2BD00D29BAA /* StargazerCell.xib in Resources */,
				C08C7E71181A50948F4B8308 /* arrivals_broken.json in Resources */,
				D6EF64EB87D9FE4E91C05DA2 /* departures.json in Resources */,
				5CC9FBFD4C4E3EAA271FBCC8 /* departures_broken.json in Resources */,
				C594C656A553F8568D762493 /* installations.csv in Resources */,
				5C8CAB374A842DB9C4B89403 /* rate.csv in Resources */,
				696FB709EE318765CC7A84F2 /* stations.txt in Resources */,
				883A731DE32320FA1A7C5FB4 /* stations_broken.txt in Resources */,
				4787E1E706154BED4773EA08 /* train_sections.json in Resources */,
				1A00AE7BBCB202CC97117429 /* train_sections_broken.json in Resources */,
				67467C21F5AD9738E8B33C74 /* trend.json in Resources */,
				FF8576B7E1512CF574D4B4B1 /* trend_broken.json in Resources */,
				E9B0AD71011DF2DA14C31222 /* trend_milano_centrale.json in Resources */,
				F8C9D103265CD1FA00D29BAA /* StargazersListViewController.xib in Resources */,
				42962886BC97A583A16E99AE /* trend_torino_p_nuova_reggio_calabria.json in Resources */,
			);
			runOnlyForDeploymentPostprocessing = 0;
		};
/* End PBXResourcesBuildPhase section */

/* Begin PBXShellScriptBuildPhase section */
		018B063172C0C58C41951D2B /* [CP] Embed Pods Frameworks */ = {
			isa = PBXShellScriptBuildPhase;
			buildActionMask = 2147483647;
			files = (
			);
			inputFileListPaths = (
				"${PODS_ROOT}/Target Support Files/Pods-GithubStargazers/Pods-GithubStargazers-frameworks-${CONFIGURATION}-input-files.xcfilelist",
			);
			name = "[CP] Embed Pods Frameworks";
			outputFileListPaths = (
				"${PODS_ROOT}/Target Support Files/Pods-GithubStargazers/Pods-GithubStargazers-frameworks-${CONFIGURATION}-output-files.xcfilelist",
			);
			runOnlyForDeploymentPostprocessing = 0;
			shellPath = /bin/sh;
			shellScript = "\"${PODS_ROOT}/Target Support Files/Pods-GithubStargazers/Pods-GithubStargazers-frameworks.sh\"\n";
			showEnvVarsInLog = 0;
		};
		2FBC612F9556ABC514A9101E /* [CP] Embed Pods Frameworks */ = {
			isa = PBXShellScriptBuildPhase;
			buildActionMask = 2147483647;
			files = (
			);
			inputFileListPaths = (
				"${PODS_ROOT}/Target Support Files/Pods-GithubStargazersTests/Pods-GithubStargazersTests-frameworks-${CONFIGURATION}-input-files.xcfilelist",
			);
			name = "[CP] Embed Pods Frameworks";
			outputFileListPaths = (
				"${PODS_ROOT}/Target Support Files/Pods-GithubStargazersTests/Pods-GithubStargazersTests-frameworks-${CONFIGURATION}-output-files.xcfilelist",
			);
			runOnlyForDeploymentPostprocessing = 0;
			shellPath = /bin/sh;
			shellScript = "\"${PODS_ROOT}/Target Support Files/Pods-GithubStargazersTests/Pods-GithubStargazersTests-frameworks.sh\"\n";
			showEnvVarsInLog = 0;
		};
		9FD5DF825A0AC9AFEF938C23 /* [CP] Check Pods Manifest.lock */ = {
			isa = PBXShellScriptBuildPhase;
			buildActionMask = 2147483647;
			files = (
			);
			inputFileListPaths = (
			);
			inputPaths = (
				"${PODS_PODFILE_DIR_PATH}/Podfile.lock",
				"${PODS_ROOT}/Manifest.lock",
			);
			name = "[CP] Check Pods Manifest.lock";
			outputFileListPaths = (
			);
			outputPaths = (
				"$(DERIVED_FILE_DIR)/Pods-GithubStargazersMock-checkManifestLockResult.txt",
			);
			runOnlyForDeploymentPostprocessing = 0;
			shellPath = /bin/sh;
			shellScript = "diff \"${PODS_PODFILE_DIR_PATH}/Podfile.lock\" \"${PODS_ROOT}/Manifest.lock\" > /dev/null\nif [ $? != 0 ] ; then\n    # print error to STDERR\n    echo \"error: The sandbox is not in sync with the Podfile.lock. Run 'pod install' or update your CocoaPods installation.\" >&2\n    exit 1\nfi\n# This output is used by Xcode 'outputs' to avoid re-running this script phase.\necho \"SUCCESS\" > \"${SCRIPT_OUTPUT_FILE_0}\"\n";
			showEnvVarsInLog = 0;
		};
		C5C5FA277A356E6305C765E6 /* [CP] Embed Pods Frameworks */ = {
			isa = PBXShellScriptBuildPhase;
			buildActionMask = 2147483647;
			files = (
			);
			inputFileListPaths = (
				"${PODS_ROOT}/Target Support Files/Pods-GithubStargazersMock/Pods-GithubStargazersMock-frameworks-${CONFIGURATION}-input-files.xcfilelist",
			);
			name = "[CP] Embed Pods Frameworks";
			outputFileListPaths = (
				"${PODS_ROOT}/Target Support Files/Pods-GithubStargazersMock/Pods-GithubStargazersMock-frameworks-${CONFIGURATION}-output-files.xcfilelist",
			);
			runOnlyForDeploymentPostprocessing = 0;
			shellPath = /bin/sh;
			shellScript = "\"${PODS_ROOT}/Target Support Files/Pods-GithubStargazersMock/Pods-GithubStargazersMock-frameworks.sh\"\n";
			showEnvVarsInLog = 0;
		};
		CA4EB51955DAA4F9320AB8A5 /* [CP] Check Pods Manifest.lock */ = {
			isa = PBXShellScriptBuildPhase;
			buildActionMask = 2147483647;
			files = (
			);
			inputFileListPaths = (
			);
			inputPaths = (
				"${PODS_PODFILE_DIR_PATH}/Podfile.lock",
				"${PODS_ROOT}/Manifest.lock",
			);
			name = "[CP] Check Pods Manifest.lock";
			outputFileListPaths = (
			);
			outputPaths = (
				"$(DERIVED_FILE_DIR)/Pods-GithubStargazers-checkManifestLockResult.txt",
			);
			runOnlyForDeploymentPostprocessing = 0;
			shellPath = /bin/sh;
			shellScript = "diff \"${PODS_PODFILE_DIR_PATH}/Podfile.lock\" \"${PODS_ROOT}/Manifest.lock\" > /dev/null\nif [ $? != 0 ] ; then\n    # print error to STDERR\n    echo \"error: The sandbox is not in sync with the Podfile.lock. Run 'pod install' or update your CocoaPods installation.\" >&2\n    exit 1\nfi\n# This output is used by Xcode 'outputs' to avoid re-running this script phase.\necho \"SUCCESS\" > \"${SCRIPT_OUTPUT_FILE_0}\"\n";
			showEnvVarsInLog = 0;
		};
		D2A6CE18F60D31E97F0EAE73 /* [CP] Check Pods Manifest.lock */ = {
			isa = PBXShellScriptBuildPhase;
			buildActionMask = 2147483647;
			files = (
			);
			inputFileListPaths = (
			);
			inputPaths = (
				"${PODS_PODFILE_DIR_PATH}/Podfile.lock",
				"${PODS_ROOT}/Manifest.lock",
			);
			name = "[CP] Check Pods Manifest.lock";
			outputFileListPaths = (
			);
			outputPaths = (
				"$(DERIVED_FILE_DIR)/Pods-GithubStargazersTests-checkManifestLockResult.txt",
			);
			runOnlyForDeploymentPostprocessing = 0;
			shellPath = /bin/sh;
			shellScript = "diff \"${PODS_PODFILE_DIR_PATH}/Podfile.lock\" \"${PODS_ROOT}/Manifest.lock\" > /dev/null\nif [ $? != 0 ] ; then\n    # print error to STDERR\n    echo \"error: The sandbox is not in sync with the Podfile.lock. Run 'pod install' or update your CocoaPods installation.\" >&2\n    exit 1\nfi\n# This output is used by Xcode 'outputs' to avoid re-running this script phase.\necho \"SUCCESS\" > \"${SCRIPT_OUTPUT_FILE_0}\"\n";
			showEnvVarsInLog = 0;
		};
/* End PBXShellScriptBuildPhase section */

/* Begin PBXSourcesBuildPhase section */
		02E4329D5B7B5A4381D2E1D3 /* Sources */ = {
			isa = PBXSourcesBuildPhase;
			buildActionMask = 2147483647;
			files = (
				9F12522E916496A95000EE50 /* Difference+.swift in Sources */,
				F8C9D00A265BF28600D29BAA /* StargazersViewTests.swift in Sources */,
				F8C9D0B5265C3A9300D29BAA /* ApplicationTests.swift in Sources */,
				502029844005DA5D975DA4FB /* Mock+resources.swift in Sources */,
				205D933185664664D3810BB3 /* MockUrlProtocol.swift in Sources */,
				E1508DF5C38D3D1C09A23A76 /* NetworkingTests.swift in Sources */,
			);
			runOnlyForDeploymentPostprocessing = 0;
		};
		0F215E0D9EC788D1E4EF0544 /* Sources */ = {
			isa = PBXSourcesBuildPhase;
			buildActionMask = 2147483647;
			files = (
				F8C9D101265CD1FA00D29BAA /* StargazersListViewController.swift in Sources */,
				1AA101A2218A8D5D318F582B /* APIRequest.swift in Sources */,
				F8952B31265D6F040048FCA9 /* Stargazer+View.swift in Sources */,
				D9C2F1B709C6E40404F6A22A /* AppDelegate.swift in Sources */,
				394D54A30B8B776CEE5904D3 /* Application+ActivityFeed.swift in Sources */,
				B81FBEF01DFC1C30E6614B4E /* Application+Action.swift in Sources */,
				C65341D822A2BFA937306DA4 /* Application+Reducer.swift in Sources */,
				775877964759A2A7C56DAA79 /* Application+State.swift in Sources */,
				F8952C3D2663D70C0048FCA9 /* SearchViewController+Binder.swift in Sources */,
				F542603228C51574C40E9254 /* Application+Store.swift in Sources */,
				F8952B39265D6F980048FCA9 /* StargazerRequest.swift in Sources */,
				F8952BBB265EAEED0048FCA9 /* Search+Feature.swift in Sources */,
				5AA7AA0247055198203A9B8E /* BaseViewController.swift in Sources */,
				F8952C372663D6DD0048FCA9 /* StargazersListViewController+Binder.swift in Sources */,
				F8AC5E7E265D6C160052A205 /* Environment+mock.swift in Sources */,
				F9939C68E1B29FFD86BFCC74 /* Application+Environment.swift in Sources */,
				F8952BCB265EB14A0048FCA9 /* SearchViewController.swift in Sources */,
				F969434938574005E1482DDD /* Localizable.swift in Sources */,
				D1693720CBC6644BEABFE0D4 /* Mock+.swift in Sources */,
				F8952B3D265D6FB60048FCA9 /* Environment+live.swift in Sources */,
				B9615B15FC5CE7D74E04F954 /* Networking.swift in Sources */,
				BE7CB5D44F178BCB88621C41 /* Rate.swift in Sources */,
				F8952B35265D6F0C0048FCA9 /* Stargazer+Feature.swift in Sources */,
				F8C9D10A265CD2BD00D29BAA /* StargazerCell.swift in Sources */,
				97310B7254CFB66DE302FA76 /* URLRequests+HTTPStatusCodes.swift in Sources */,
				C280D36298600238E56D4183 /* Utils+Rx.swift in Sources */,
			);
			runOnlyForDeploymentPostprocessing = 0;
		};
		6AEA24A271140041FC6A50BA /* Sources */ = {
			isa = PBXSourcesBuildPhase;
			buildActionMask = 2147483647;
			files = (
				7A11F89C94F093163C985A7D /* APIRequest.swift in Sources */,
				CA16EDD05E29FF4EBE68581F /* AppDelegate.swift in Sources */,
				F8C9D053265C2CBF00D29BAA /* Stargazer+View.swift in Sources */,
				F2399A77CE071B3362843096 /* Application+ActivityFeed.swift in Sources */,
				274162A31B9AE4171163C54A /* Application+Action.swift in Sources */,
				F8C9D002265BD81000D29BAA /* StargazerRequest.swift in Sources */,
				4B76A345808841CC085D391A /* Application+Reducer.swift in Sources */,
				D761DD3B6B31D6B9C960ED3C /* Application+State.swift in Sources */,
				F8952C3C2663D70C0048FCA9 /* SearchViewController+Binder.swift in Sources */,
				86E1B285D503D8E91825B3A4 /* Application+Store.swift in Sources */,
				F8952BBA265EAEED0048FCA9 /* Search+Feature.swift in Sources */,
				C5903DC025D1BF9BFAA5FCC4 /* BaseViewController.swift in Sources */,
				632CAD3E816D64AC3697B6A5 /* Application+Environment.swift in Sources */,
				FB333780396419D8C1FBA687 /* Localizable.swift in Sources */,
				F8952BCA265EB14A0048FCA9 /* SearchViewController.swift in Sources */,
				2792EF997EB348E17A014CFB /* Networking.swift in Sources */,
				AA506D5F6CB87E1FA757702C /* Rate.swift in Sources */,
				F8C9D04E265C2C5500D29BAA /* Stargazer+Feature.swift in Sources */,
				F8C9D109265CD2BD00D29BAA /* StargazerCell.swift in Sources */,
				F8C9D100265CD1FA00D29BAA /* StargazersListViewController.swift in Sources */,
				54505B5D722BAE91FC92A9BE /* URLRequests+HTTPStatusCodes.swift in Sources */,
				F8C9D08B265C34B000D29BAA /* Environment+live.swift in Sources */,
				F2C1482A58F2B8D2C5F5F79D /* Utils+Rx.swift in Sources */,
				F8952C362663D6DD0048FCA9 /* StargazersListViewController+Binder.swift in Sources */,
			);
			runOnlyForDeploymentPostprocessing = 0;
		};
/* End PBXSourcesBuildPhase section */

/* Begin PBXTargetDependency section */
		3550DF5C02986AEA068150C3 /* PBXTargetDependency */ = {
			isa = PBXTargetDependency;
			target = D515C9914D8F9211FB7924C9 /* GithubStargazers */;
			targetProxy = 36E0554E637F8A2F284C3F11 /* PBXContainerItemProxy */;
		};
/* End PBXTargetDependency section */

/* Begin PBXVariantGroup section */
		8C3BAEEA3031A9EFE658B755 /* Localizable.strings */ = {
			isa = PBXVariantGroup;
			children = (
				010CA30AC8CC2F00CE3E212B /* en */,
				8AD4B5F172FAFF5D1CDFE460 /* it */,
			);
			name = Localizable.strings;
			sourceTree = "<group>";
		};
/* End PBXVariantGroup section */

/* Begin XCBuildConfiguration section */
		36D2772B7458B3CDF6406E76 /* Mock */ = {
			isa = XCBuildConfiguration;
			baseConfigurationReference = 711394DA3DA10259E012D116 /* Pods-GithubStargazersTests.mock.xcconfig */;
			buildSettings = {
				BUNDLE_LOADER = "$(TEST_HOST)";
				INFOPLIST_FILE = GithubStargazersTests/Info.plist;
				IPHONEOS_DEPLOYMENT_TARGET = 10.0;
				LD_RUNPATH_SEARCH_PATHS = (
					"$(inherited)",
					"@executable_path/Frameworks",
					"@loader_path/Frameworks",
				);
				PRODUCT_BUNDLE_IDENTIFIER = com.bordet.GithubStargazersTests;
				SDKROOT = iphoneos;
				TARGETED_DEVICE_FAMILY = "1,2";
				TEST_HOST = "$(BUILT_PRODUCTS_DIR)/GithubStargazers.app/GithubStargazers";
			};
			name = Mock;
		};
		4B2C639E368436AB7AB7B119 /* Release */ = {
			isa = XCBuildConfiguration;
			buildSettings = {
				ALWAYS_SEARCH_USER_PATHS = NO;
				CLANG_ANALYZER_NONNULL = YES;
				CLANG_ANALYZER_NUMBER_OBJECT_CONVERSION = YES_AGGRESSIVE;
				CLANG_CXX_LANGUAGE_STANDARD = "gnu++14";
				CLANG_CXX_LIBRARY = "libc++";
				CLANG_ENABLE_MODULES = YES;
				CLANG_ENABLE_OBJC_ARC = YES;
				CLANG_ENABLE_OBJC_WEAK = YES;
				CLANG_WARN_BLOCK_CAPTURE_AUTORELEASING = YES;
				CLANG_WARN_BOOL_CONVERSION = YES;
				CLANG_WARN_COMMA = YES;
				CLANG_WARN_CONSTANT_CONVERSION = YES;
				CLANG_WARN_DEPRECATED_OBJC_IMPLEMENTATIONS = YES;
				CLANG_WARN_DIRECT_OBJC_ISA_USAGE = YES_ERROR;
				CLANG_WARN_DOCUMENTATION_COMMENTS = YES;
				CLANG_WARN_EMPTY_BODY = YES;
				CLANG_WARN_ENUM_CONVERSION = YES;
				CLANG_WARN_INFINITE_RECURSION = YES;
				CLANG_WARN_INT_CONVERSION = YES;
				CLANG_WARN_NON_LITERAL_NULL_CONVERSION = YES;
				CLANG_WARN_OBJC_IMPLICIT_RETAIN_SELF = YES;
				CLANG_WARN_OBJC_LITERAL_CONVERSION = YES;
				CLANG_WARN_OBJC_ROOT_CLASS = YES_ERROR;
				CLANG_WARN_QUOTED_INCLUDE_IN_FRAMEWORK_HEADER = YES;
				CLANG_WARN_RANGE_LOOP_ANALYSIS = YES;
				CLANG_WARN_STRICT_PROTOTYPES = YES;
				CLANG_WARN_SUSPICIOUS_MOVE = YES;
				CLANG_WARN_UNGUARDED_AVAILABILITY = YES_AGGRESSIVE;
				CLANG_WARN_UNREACHABLE_CODE = YES;
				CLANG_WARN__DUPLICATE_METHOD_MATCH = YES;
				COPY_PHASE_STRIP = NO;
				CUSTOM_BUILD_SETTING = release;
				DEBUG_INFORMATION_FORMAT = "dwarf-with-dsym";
				ENABLE_NS_ASSERTIONS = NO;
				ENABLE_STRICT_OBJC_MSGSEND = YES;
				GCC_C_LANGUAGE_STANDARD = gnu11;
				GCC_NO_COMMON_BLOCKS = YES;
				GCC_WARN_64_TO_32_BIT_CONVERSION = YES;
				GCC_WARN_ABOUT_RETURN_TYPE = YES_ERROR;
				GCC_WARN_UNDECLARED_SELECTOR = YES;
				GCC_WARN_UNINITIALIZED_AUTOS = YES_AGGRESSIVE;
				GCC_WARN_UNUSED_FUNCTION = YES;
				GCC_WARN_UNUSED_VARIABLE = YES;
				IPHONEOS_DEPLOYMENT_TARGET = 10.0;
				MTL_ENABLE_DEBUG_INFO = NO;
				MTL_FAST_MATH = YES;
				PRODUCT_NAME = "$(TARGET_NAME)";
				SDKROOT = iphoneos;
				SWIFT_COMPILATION_MODE = wholemodule;
				SWIFT_OPTIMIZATION_LEVEL = "-O";
				SWIFT_VERSION = 5.0;
			};
			name = Release;
		};
		4E5B8063C8864ACCD94B48A4 /* Mock */ = {
			isa = XCBuildConfiguration;
			baseConfigurationReference = DC78F3EAC64CA2B6E6A4C585 /* Pods-GithubStargazersMock.mock.xcconfig */;
			buildSettings = {
				ASSETCATALOG_COMPILER_APPICON_NAME = AppIcon;
				CODE_SIGN_IDENTITY = "iPhone Developer";
				CURRENT_PROJECT_VERSION = 1.0;
				INFOPLIST_FILE = "GithubStargazers/Supporting Files/Info.plist";
				IPHONEOS_DEPLOYMENT_TARGET = 10.0;
				LD_RUNPATH_SEARCH_PATHS = (
					"$(inherited)",
					"@executable_path/Frameworks",
				);
				PRODUCT_BUNDLE_IDENTIFIER = com.bordet.GithubStargazersMock;
				SDKROOT = iphoneos;
				TARGETED_DEVICE_FAMILY = "1,2";
			};
			name = Mock;
		};
		4EC8BC2ECC1942268AD1AB91 /* Debug */ = {
			isa = XCBuildConfiguration;
			baseConfigurationReference = 3F9D5FB7FFA1054DAD70C2B1 /* Pods-GithubStargazersTests.debug.xcconfig */;
			buildSettings = {
				BUNDLE_LOADER = "$(TEST_HOST)";
				INFOPLIST_FILE = GithubStargazersTests/Info.plist;
				IPHONEOS_DEPLOYMENT_TARGET = 10.0;
				LD_RUNPATH_SEARCH_PATHS = (
					"$(inherited)",
					"@executable_path/Frameworks",
					"@loader_path/Frameworks",
				);
				PRODUCT_BUNDLE_IDENTIFIER = com.bordet.GithubStargazersTests;
				SDKROOT = iphoneos;
				TARGETED_DEVICE_FAMILY = "1,2";
				TEST_HOST = "$(BUILT_PRODUCTS_DIR)/GithubStargazers.app/GithubStargazers";
			};
			name = Debug;
		};
		5D0FD296B0AE778FBFCFD986 /* Mock */ = {
			isa = XCBuildConfiguration;
			buildSettings = {
				ALWAYS_SEARCH_USER_PATHS = NO;
				CLANG_ANALYZER_NONNULL = YES;
				CLANG_ANALYZER_NUMBER_OBJECT_CONVERSION = YES_AGGRESSIVE;
				CLANG_CXX_LANGUAGE_STANDARD = "gnu++14";
				CLANG_CXX_LIBRARY = "libc++";
				CLANG_ENABLE_MODULES = YES;
				CLANG_ENABLE_OBJC_ARC = YES;
				CLANG_ENABLE_OBJC_WEAK = YES;
				CLANG_WARN_BLOCK_CAPTURE_AUTORELEASING = YES;
				CLANG_WARN_BOOL_CONVERSION = YES;
				CLANG_WARN_COMMA = YES;
				CLANG_WARN_CONSTANT_CONVERSION = YES;
				CLANG_WARN_DEPRECATED_OBJC_IMPLEMENTATIONS = YES;
				CLANG_WARN_DIRECT_OBJC_ISA_USAGE = YES_ERROR;
				CLANG_WARN_DOCUMENTATION_COMMENTS = YES;
				CLANG_WARN_EMPTY_BODY = YES;
				CLANG_WARN_ENUM_CONVERSION = YES;
				CLANG_WARN_INFINITE_RECURSION = YES;
				CLANG_WARN_INT_CONVERSION = YES;
				CLANG_WARN_NON_LITERAL_NULL_CONVERSION = YES;
				CLANG_WARN_OBJC_IMPLICIT_RETAIN_SELF = YES;
				CLANG_WARN_OBJC_LITERAL_CONVERSION = YES;
				CLANG_WARN_OBJC_ROOT_CLASS = YES_ERROR;
				CLANG_WARN_QUOTED_INCLUDE_IN_FRAMEWORK_HEADER = YES;
				CLANG_WARN_RANGE_LOOP_ANALYSIS = YES;
				CLANG_WARN_STRICT_PROTOTYPES = YES;
				CLANG_WARN_SUSPICIOUS_MOVE = YES;
				CLANG_WARN_UNGUARDED_AVAILABILITY = YES_AGGRESSIVE;
				CLANG_WARN_UNREACHABLE_CODE = YES;
				CLANG_WARN__DUPLICATE_METHOD_MATCH = YES;
				COPY_PHASE_STRIP = NO;
				CUSTOM_BUILD_SETTING = mock;
				DEBUG_INFORMATION_FORMAT = dwarf;
				ENABLE_STRICT_OBJC_MSGSEND = YES;
				ENABLE_TESTABILITY = YES;
				GCC_C_LANGUAGE_STANDARD = gnu11;
				GCC_DYNAMIC_NO_PIC = NO;
				GCC_NO_COMMON_BLOCKS = YES;
				GCC_OPTIMIZATION_LEVEL = 0;
				GCC_PREPROCESSOR_DEFINITIONS = (
					"$(inherited)",
					"DEBUG=1",
				);
				GCC_WARN_64_TO_32_BIT_CONVERSION = YES;
				GCC_WARN_ABOUT_RETURN_TYPE = YES_ERROR;
				GCC_WARN_UNDECLARED_SELECTOR = YES;
				GCC_WARN_UNINITIALIZED_AUTOS = YES_AGGRESSIVE;
				GCC_WARN_UNUSED_FUNCTION = YES;
				GCC_WARN_UNUSED_VARIABLE = YES;
				IPHONEOS_DEPLOYMENT_TARGET = 10.0;
				MTL_ENABLE_DEBUG_INFO = INCLUDE_SOURCE;
				MTL_FAST_MATH = YES;
				ONLY_ACTIVE_ARCH = YES;
				PRODUCT_NAME = "$(TARGET_NAME)";
				SDKROOT = iphoneos;
				SWIFT_ACTIVE_COMPILATION_CONDITIONS = MOCK;
				SWIFT_OPTIMIZATION_LEVEL = "-Onone";
				SWIFT_VERSION = 5.0;
			};
			name = Mock;
		};
		6C97A5D24BCB5303A297B9C3 /* Release */ = {
			isa = XCBuildConfiguration;
			baseConfigurationReference = F108FA6146EDC88EAAE52ACD /* Pods-GithubStargazersTests.release.xcconfig */;
			buildSettings = {
				BUNDLE_LOADER = "$(TEST_HOST)";
				INFOPLIST_FILE = GithubStargazersTests/Info.plist;
				IPHONEOS_DEPLOYMENT_TARGET = 10.0;
				LD_RUNPATH_SEARCH_PATHS = (
					"$(inherited)",
					"@executable_path/Frameworks",
					"@loader_path/Frameworks",
				);
				PRODUCT_BUNDLE_IDENTIFIER = com.bordet.GithubStargazersTests;
				SDKROOT = iphoneos;
				TARGETED_DEVICE_FAMILY = "1,2";
				TEST_HOST = "$(BUILT_PRODUCTS_DIR)/GithubStargazers.app/GithubStargazers";
			};
			name = Release;
		};
		6E87AFFB5481A40265B49935 /* Debug */ = {
			isa = XCBuildConfiguration;
			buildSettings = {
				ALWAYS_SEARCH_USER_PATHS = NO;
				CLANG_ANALYZER_NONNULL = YES;
				CLANG_ANALYZER_NUMBER_OBJECT_CONVERSION = YES_AGGRESSIVE;
				CLANG_CXX_LANGUAGE_STANDARD = "gnu++14";
				CLANG_CXX_LIBRARY = "libc++";
				CLANG_ENABLE_MODULES = YES;
				CLANG_ENABLE_OBJC_ARC = YES;
				CLANG_ENABLE_OBJC_WEAK = YES;
				CLANG_WARN_BLOCK_CAPTURE_AUTORELEASING = YES;
				CLANG_WARN_BOOL_CONVERSION = YES;
				CLANG_WARN_COMMA = YES;
				CLANG_WARN_CONSTANT_CONVERSION = YES;
				CLANG_WARN_DEPRECATED_OBJC_IMPLEMENTATIONS = YES;
				CLANG_WARN_DIRECT_OBJC_ISA_USAGE = YES_ERROR;
				CLANG_WARN_DOCUMENTATION_COMMENTS = YES;
				CLANG_WARN_EMPTY_BODY = YES;
				CLANG_WARN_ENUM_CONVERSION = YES;
				CLANG_WARN_INFINITE_RECURSION = YES;
				CLANG_WARN_INT_CONVERSION = YES;
				CLANG_WARN_NON_LITERAL_NULL_CONVERSION = YES;
				CLANG_WARN_OBJC_IMPLICIT_RETAIN_SELF = YES;
				CLANG_WARN_OBJC_LITERAL_CONVERSION = YES;
				CLANG_WARN_OBJC_ROOT_CLASS = YES_ERROR;
				CLANG_WARN_QUOTED_INCLUDE_IN_FRAMEWORK_HEADER = YES;
				CLANG_WARN_RANGE_LOOP_ANALYSIS = YES;
				CLANG_WARN_STRICT_PROTOTYPES = YES;
				CLANG_WARN_SUSPICIOUS_MOVE = YES;
				CLANG_WARN_UNGUARDED_AVAILABILITY = YES_AGGRESSIVE;
				CLANG_WARN_UNREACHABLE_CODE = YES;
				CLANG_WARN__DUPLICATE_METHOD_MATCH = YES;
				COPY_PHASE_STRIP = NO;
				CUSTOM_BUILD_SETTING = debug;
				DEBUG_INFORMATION_FORMAT = dwarf;
				ENABLE_STRICT_OBJC_MSGSEND = YES;
				ENABLE_TESTABILITY = YES;
				GCC_C_LANGUAGE_STANDARD = gnu11;
				GCC_DYNAMIC_NO_PIC = NO;
				GCC_NO_COMMON_BLOCKS = YES;
				GCC_OPTIMIZATION_LEVEL = 0;
				GCC_PREPROCESSOR_DEFINITIONS = (
					"$(inherited)",
					"DEBUG=1",
				);
				GCC_WARN_64_TO_32_BIT_CONVERSION = YES;
				GCC_WARN_ABOUT_RETURN_TYPE = YES_ERROR;
				GCC_WARN_UNDECLARED_SELECTOR = YES;
				GCC_WARN_UNINITIALIZED_AUTOS = YES_AGGRESSIVE;
				GCC_WARN_UNUSED_FUNCTION = YES;
				GCC_WARN_UNUSED_VARIABLE = YES;
				IPHONEOS_DEPLOYMENT_TARGET = 10.0;
				MTL_ENABLE_DEBUG_INFO = INCLUDE_SOURCE;
				MTL_FAST_MATH = YES;
				ONLY_ACTIVE_ARCH = YES;
				PRODUCT_NAME = "$(TARGET_NAME)";
				SDKROOT = iphoneos;
				SWIFT_ACTIVE_COMPILATION_CONDITIONS = DEBUG;
				SWIFT_OPTIMIZATION_LEVEL = "-Onone";
				SWIFT_VERSION = 5.0;
			};
			name = Debug;
		};
		B67FC08E0BFDE6298121B539 /* Mock */ = {
			isa = XCBuildConfiguration;
			baseConfigurationReference = A0076C455D939046C647F0FB /* Pods-GithubStargazers.mock.xcconfig */;
			buildSettings = {
				ASSETCATALOG_COMPILER_APPICON_NAME = AppIcon;
				CODE_SIGN_IDENTITY = "iPhone Developer";
				CURRENT_PROJECT_VERSION = 1.0;
				INFOPLIST_FILE = "GithubStargazers/Supporting Files/Info.plist";
				IPHONEOS_DEPLOYMENT_TARGET = 10.0;
				LD_RUNPATH_SEARCH_PATHS = (
					"$(inherited)",
					"@executable_path/Frameworks",
				);
				PRODUCT_BUNDLE_IDENTIFIER = com.bordet.GithubStargazers;
				SDKROOT = iphoneos;
				TARGETED_DEVICE_FAMILY = "1,2";
			};
			name = Mock;
		};
		C24ADE8F698E388FEC1AE9DA /* Debug */ = {
			isa = XCBuildConfiguration;
			baseConfigurationReference = 955420E8896799FF56DB8F2E /* Pods-GithubStargazersMock.debug.xcconfig */;
			buildSettings = {
				ASSETCATALOG_COMPILER_APPICON_NAME = AppIcon;
				CODE_SIGN_IDENTITY = "iPhone Developer";
				CURRENT_PROJECT_VERSION = 1.0;
				INFOPLIST_FILE = "GithubStargazers/Supporting Files/Info.plist";
				IPHONEOS_DEPLOYMENT_TARGET = 10.0;
				LD_RUNPATH_SEARCH_PATHS = (
					"$(inherited)",
					"@executable_path/Frameworks",
				);
				PRODUCT_BUNDLE_IDENTIFIER = com.bordet.GithubStargazersMock;
				SDKROOT = iphoneos;
				TARGETED_DEVICE_FAMILY = "1,2";
			};
			name = Debug;
		};
		D3099E27A990CB3D4007933D /* Release */ = {
			isa = XCBuildConfiguration;
			baseConfigurationReference = 7EAB733EF2E0F0F51469A116 /* Pods-GithubStargazersMock.release.xcconfig */;
			buildSettings = {
				ASSETCATALOG_COMPILER_APPICON_NAME = AppIcon;
				CODE_SIGN_IDENTITY = "iPhone Developer";
				CURRENT_PROJECT_VERSION = 1.0;
				INFOPLIST_FILE = "GithubStargazers/Supporting Files/Info.plist";
				IPHONEOS_DEPLOYMENT_TARGET = 10.0;
				LD_RUNPATH_SEARCH_PATHS = (
					"$(inherited)",
					"@executable_path/Frameworks",
				);
				PRODUCT_BUNDLE_IDENTIFIER = com.bordet.GithubStargazersMock;
				SDKROOT = iphoneos;
				TARGETED_DEVICE_FAMILY = "1,2";
			};
			name = Release;
		};
		D9E87CC437A3A5FA1802C4CC /* Debug */ = {
			isa = XCBuildConfiguration;
			baseConfigurationReference = 0E70098E9EB10168D8E2BFBF /* Pods-GithubStargazers.debug.xcconfig */;
			buildSettings = {
				ASSETCATALOG_COMPILER_APPICON_NAME = AppIcon;
				CODE_SIGN_IDENTITY = "iPhone Developer";
				CURRENT_PROJECT_VERSION = 1.0;
				INFOPLIST_FILE = "GithubStargazers/Supporting Files/Info.plist";
				IPHONEOS_DEPLOYMENT_TARGET = 10.0;
				LD_RUNPATH_SEARCH_PATHS = (
					"$(inherited)",
					"@executable_path/Frameworks",
				);
				PRODUCT_BUNDLE_IDENTIFIER = com.bordet.GithubStargazers;
				SDKROOT = iphoneos;
				TARGETED_DEVICE_FAMILY = "1,2";
			};
			name = Debug;
		};
		F3B7363562985636B576F1FB /* Release */ = {
			isa = XCBuildConfiguration;
			baseConfigurationReference = 02D3EFF2B5C4EF37FC5B8DBA /* Pods-GithubStargazers.release.xcconfig */;
			buildSettings = {
				ASSETCATALOG_COMPILER_APPICON_NAME = AppIcon;
				CODE_SIGN_IDENTITY = "iPhone Developer";
				CURRENT_PROJECT_VERSION = 1.0;
				INFOPLIST_FILE = "GithubStargazers/Supporting Files/Info.plist";
				IPHONEOS_DEPLOYMENT_TARGET = 10.0;
				LD_RUNPATH_SEARCH_PATHS = (
					"$(inherited)",
					"@executable_path/Frameworks",
				);
				PRODUCT_BUNDLE_IDENTIFIER = com.bordet.GithubStargazers;
				SDKROOT = iphoneos;
				TARGETED_DEVICE_FAMILY = "1,2";
			};
			name = Release;
		};
/* End XCBuildConfiguration section */

/* Begin XCConfigurationList section */
		47D4114340419013C46EE40E /* Build configuration list for PBXNativeTarget "GithubStargazersMock" */ = {
			isa = XCConfigurationList;
			buildConfigurations = (
				C24ADE8F698E388FEC1AE9DA /* Debug */,
				4E5B8063C8864ACCD94B48A4 /* Mock */,
				D3099E27A990CB3D4007933D /* Release */,
			);
			defaultConfigurationIsVisible = 0;
			defaultConfigurationName = Debug;
		};
		AA3DED0013DAA49D74B079E6 /* Build configuration list for PBXProject "GithubStargazers" */ = {
			isa = XCConfigurationList;
			buildConfigurations = (
				6E87AFFB5481A40265B49935 /* Debug */,
				5D0FD296B0AE778FBFCFD986 /* Mock */,
				4B2C639E368436AB7AB7B119 /* Release */,
			);
			defaultConfigurationIsVisible = 0;
			defaultConfigurationName = Debug;
		};
		BDFA72FEADD17660E1234D96 /* Build configuration list for PBXNativeTarget "GithubStargazers" */ = {
			isa = XCConfigurationList;
			buildConfigurations = (
				D9E87CC437A3A5FA1802C4CC /* Debug */,
				B67FC08E0BFDE6298121B539 /* Mock */,
				F3B7363562985636B576F1FB /* Release */,
			);
			defaultConfigurationIsVisible = 0;
			defaultConfigurationName = Debug;
		};
		ED377AB505153F110961AE82 /* Build configuration list for PBXNativeTarget "GithubStargazersTests" */ = {
			isa = XCConfigurationList;
			buildConfigurations = (
				4EC8BC2ECC1942268AD1AB91 /* Debug */,
				36D2772B7458B3CDF6406E76 /* Mock */,
				6C97A5D24BCB5303A297B9C3 /* Release */,
			);
			defaultConfigurationIsVisible = 0;
			defaultConfigurationName = Debug;
		};
/* End XCConfigurationList section */
	};
	rootObject = 51F38EE05BE90E83FEAF2AAD /* Project object */;
}
